<?xml version="1.0" encoding="utf-8"?>
<Project ToolsVersion="4.0" xmlns="http://schemas.microsoft.com/developer/msbuild/2003">
  <ItemGroup>
    <Filter Include="源文件">
      <UniqueIdentifier>{4FC737F1-C7A5-4376-A066-2A32D752A2FF}</UniqueIdentifier>
      <Extensions>cpp;c;cc;cxx;c++;cppm;ixx;def;odl;idl;hpj;bat;asm;asmx</Extensions>
    </Filter>
    <Filter Include="头文件">
      <UniqueIdentifier>{93995380-89BD-4b04-88EB-625FBE52EBFB}</UniqueIdentifier>
      <Extensions>h;hh;hpp;hxx;h++;hm;inl;inc;ipp;xsd</Extensions>
    </Filter>
    <Filter Include="资源文件">
      <UniqueIdentifier>{67DA6AB6-F800-4c08-8B7A-83BB121AAD01}</UniqueIdentifier>
      <Extensions>rc;ico;cur;bmp;dlg;rc2;rct;bin;rgs;gif;jpg;jpeg;jpe;resx;tiff;tif;png;wav;mfcribbon-ms</Extensions>
    </Filter>
  </ItemGroup>
  <ItemGroup>
    <ClCompile Include="main.cpp">
      <Filter>源文件</Filter>
    </ClCompile>
    <ClCompile Include="stdafx.cpp">
      <Filter>源文件</Filter>
    </ClCompile>
    <ClCompile Include="api\Aspect.cpp">
      <Filter>源文件</Filter>
    </ClCompile>
    <ClCompile Include="api\Router.cpp">
      <Filter>源文件</Filter>
    </ClCompile>
    <ClCompile Include="domain\vo\ResultStatus.cpp">
      <Filter>源文件</Filter>
    </ClCompile>
    <ClCompile Include="api\CarFee\CarFeeController.cpp">
      <Filter>源文件</Filter>
    </ClCompile>
    <ClCompile Include="api\StaffFee\StaffFeeController.cpp">
      <Filter>源文件</Filter>
    </ClCompile>
    <ClCompile Include="domain\dto\CarFee\CreateFeeDTO.cpp">
      <Filter>源文件</Filter>
    </ClCompile>
    <ClCompile Include="domain\dto\CarFee\CancelDTO.cpp">
      <Filter>源文件</Filter>
    </ClCompile>
    <ClCompile Include="domain\dto\CarFee\ModifyCarFeeDTO.cpp">
      <Filter>源文件</Filter>
    </ClCompile>
    <ClCompile Include="domain\dto\CarFee\BatchCreationDTO.cpp">
      <Filter>源文件</Filter>
    </ClCompile>
    <ClCompile Include="service\StaffFee\StaffFeeService.cpp">
      <Filter>源文件</Filter>
    </ClCompile>
    <ClCompile Include="dao\StaffFee\StaffFeeDAO.cpp">
      <Filter>源文件</Filter>
    </ClCompile>
    <ClCompile Include="service\CarFee\CarFeeService.cpp">
      <Filter>源文件</Filter>
    </ClCompile>
    <ClCompile Include="dao\CarFee\CarFeeListDAO.cpp">
      <Filter>源文件</Filter>
    </ClCompile>
    <ClCompile Include="dao\CarFee\ChargeRangeDAO.cpp">
      <Filter>源文件</Filter>
    </ClCompile>
    <ClCompile Include="service\CarFee\ChargeRangeService.cpp">
      <Filter>源文件</Filter>
    </ClCompile>
    <ClCompile Include="domain\dto\feecancel\FeeCancelAuditDTO.cpp">
      <Filter>源文件</Filter>
    </ClCompile>
    <ClCompile Include="domain\dto\feecancel\FeeCancelDTO.cpp">
      <Filter>源文件</Filter>
    </ClCompile>
    <ClCompile Include="domain\dto\feeformula\FeeFormulaDTO.cpp">
      <Filter>源文件</Filter>
    </ClCompile>
    <ClCompile Include="domain\query\feecancel\FeeCancelQuery.cpp">
      <Filter>源文件</Filter>
    </ClCompile>
    <ClCompile Include="domain\query\feeformula\FeeFormulaQuery.cpp">
      <Filter>源文件</Filter>
    </ClCompile>
    <ClCompile Include="domain\query\feesum\FeeSumQuery.cpp">
      <Filter>源文件</Filter>
    </ClCompile>
    <ClCompile Include="dao\feecancel\FeeCancelDAO.cpp">
      <Filter>源文件</Filter>
    </ClCompile>
    <ClCompile Include="dao\feecancel\FeeCancelStateDAO.cpp">
      <Filter>源文件</Filter>
    </ClCompile>
    <ClCompile Include="dao\feeformula\FeeFormulaDAO.cpp">
      <Filter>源文件</Filter>
    </ClCompile>
    <ClCompile Include="dao\feesum\FeeSumDAO.cpp">
      <Filter>源文件</Filter>
    </ClCompile>
    <ClCompile Include="api\feecancel\FeeCancelController.cpp">
      <Filter>源文件</Filter>
    </ClCompile>
    <ClCompile Include="api\feeformula\FeeFormulaController.cpp">
      <Filter>源文件</Filter>
    </ClCompile>
    <ClCompile Include="api\feesum\FeeSumController.cpp">
      <Filter>源文件</Filter>
    </ClCompile>
    <ClCompile Include="service\feecancel\FeeCancelService.cpp">
      <Filter>源文件</Filter>
    </ClCompile>
    <ClCompile Include="service\feeformula\FeeFormulaService.cpp">
      <Filter>源文件</Filter>
    </ClCompile>
    <ClCompile Include="service\feesum\FeeSumService.cpp">
      <Filter>源文件</Filter>
    </ClCompile>
    <ClCompile Include="domain\dto\setting\DiscountDTO.cpp">
      <Filter>源文件</Filter>
    </ClCompile>
    <ClCompile Include="domain\dto\setting\FeeConfigDTO.cpp">
      <Filter>源文件</Filter>
    </ClCompile>
    <ClCompile Include="domain\dto\combo\ComboDTO.cpp">
      <Filter>源文件</Filter>
    </ClCompile>
    <ClCompile Include="domain\dto\combo\FeeItemDTO.cpp">
      <Filter>源文件</Filter>
    </ClCompile>
    <ClCompile Include="api\combo\ComboItemController.cpp">
      <Filter>源文件</Filter>
    </ClCompile>
    <ClCompile Include="api\import\FeeImportItemController.cpp">
      <Filter>源文件</Filter>
    </ClCompile>
    <ClCompile Include="api\setting\FeeItemController.cpp">
      <Filter>源文件</Filter>
    </ClCompile>
    <ClCompile Include="api\DiscountRequest\DiscountRequestController.cpp">
      <Filter>源文件</Filter>
    </ClCompile>
    <ClCompile Include="api\DiscountSetting\DiscountSettingController.cpp">
      <Filter>源文件</Filter>
    </ClCompile>
    <ClCompile Include="api\PreferentialType\PreferentialTypeController.cpp">
      <Filter>源文件</Filter>
    </ClCompile>
  </ItemGroup>
  <ItemGroup>
    <ClInclude Include="stdafx.h">
      <Filter>头文件</Filter>
    </ClInclude>
    <ClInclude Include="api\Router.h">
      <Filter>头文件</Filter>
    </ClInclude>
    <ClInclude Include="domain\do\DoInclude.h">
      <Filter>头文件</Filter>
    </ClInclude>
    <ClInclude Include="domain\dto\IDDTO.h">
      <Filter>头文件</Filter>
    </ClInclude>
    <ClInclude Include="domain\query\PageQuery.h">
      <Filter>头文件</Filter>
    </ClInclude>
    <ClInclude Include="domain\vo\JsonVO.h">
      <Filter>头文件</Filter>
    </ClInclude>
    <ClInclude Include="domain\vo\Message.h">
      <Filter>头文件</Filter>
    </ClInclude>
    <ClInclude Include="domain\vo\PageVO.h">
      <Filter>头文件</Filter>
    </ClInclude>
    <ClInclude Include="domain\vo\ResultStatus.h">
      <Filter>头文件</Filter>
    </ClInclude>
    <ClInclude Include="domain\GlobalInclude.h">
      <Filter>头文件</Filter>
    </ClInclude>
    <ClInclude Include="Macros.h">
      <Filter>头文件</Filter>
    </ClInclude>
    <ClInclude Include="ServerInfo.h">
      <Filter>头文件</Filter>
    </ClInclude>
    <ClInclude Include="domain\vo\CarFee\CarFeeListVO.h">
      <Filter>头文件</Filter>
    </ClInclude>
    <ClInclude Include="domain\query\CarFee\CarFeeQuery.h">
      <Filter>头文件</Filter>
    </ClInclude>
    <ClInclude Include="api\CarFee\CarFeeController.h">
      <Filter>头文件</Filter>
    </ClInclude>
    <ClInclude Include="domain\vo\CarFee\CarStateVO.h">
      <Filter>头文件</Filter>
    </ClInclude>
    <ClInclude Include="domain\vo\StaffFee\StaffFeeListVO.h">
      <Filter>头文件</Filter>
    </ClInclude>
    <ClInclude Include="domain\query\StaffFee\StaffFeeQuery.h">
      <Filter>头文件</Filter>
    </ClInclude>
    <ClInclude Include="api\StaffFee\StaffFeeController.h">
      <Filter>头文件</Filter>
    </ClInclude>
    <ClInclude Include="domain\vo\CarFee\CheckChargesVO.h">
      <Filter>头文件</Filter>
    </ClInclude>
    <ClInclude Include="domain\dto\CarFee\CreateFeeDTO.h">
      <Filter>头文件</Filter>
    </ClInclude>
    <ClInclude Include="domain\vo\CarFee\ParkingVO.h">
      <Filter>头文件</Filter>
    </ClInclude>
    <ClInclude Include="domain\dto\CarFee\CancelDTO.h">
      <Filter>头文件</Filter>
    </ClInclude>
    <ClInclude Include="domain\dto\CarFee\ModifyCarFeeDTO.h">
      <Filter>头文件</Filter>
    </ClInclude>
    <ClInclude Include="domain\vo\CarFee\PaymentHistoryVO.h">
      <Filter>头文件</Filter>
    </ClInclude>
    <ClInclude Include="domain\query\CarFee\PaymentHistoryQuery.h">
      <Filter>头文件</Filter>
    </ClInclude>
    <ClInclude Include="domain\vo\CarFee\ChargeRangeVO.h">
      <Filter>头文件</Filter>
    </ClInclude>
    <ClInclude Include="domain\vo\CarFee\ChargingItemVO.h">
      <Filter>头文件</Filter>
    </ClInclude>
    <ClInclude Include="domain\dto\CarFee\BatchCreationDTO.h">
      <Filter>头文件</Filter>
    </ClInclude>
    <ClInclude Include="domain\vo\CarFee\CarDataVO.h">
      <Filter>头文件</Filter>
    </ClInclude>
    <ClInclude Include="domain\vo\CarFee\BatchCreationVO.h">
      <Filter>头文件</Filter>
    </ClInclude>
    <ClInclude Include="service\StaffFee\StaffFeeService.h">
      <Filter>头文件</Filter>
    </ClInclude>
    <ClInclude Include="domain\do\StaffFee\StaffFeeDO.h">
      <Filter>头文件</Filter>
    </ClInclude>
    <ClInclude Include="dao\StaffFee\StaffFeeDAO.h">
      <Filter>头文件</Filter>
    </ClInclude>
    <ClInclude Include="dao\StaffFee\StaffFeeMapper.h">
      <Filter>头文件</Filter>
    </ClInclude>
    <ClInclude Include="service\CarFee\CarFeeService.h">
      <Filter>头文件</Filter>
    </ClInclude>
    <ClInclude Include="domain\do\CarFee\OwnerCarDO.h">
      <Filter>头文件</Filter>
    </ClInclude>
    <ClInclude Include="dao\CarFee\CarFeeListDAO.h">
      <Filter>头文件</Filter>
    </ClInclude>
    <ClInclude Include="dao\CarFee\OwnerCarMapper.h">
      <Filter>头文件</Filter>
    </ClInclude>
    <ClInclude Include="dao\CarFee\CheckChargesDAO.h">
      <Filter>头文件</Filter>
    </ClInclude>
    <ClInclude Include="dao\CarFee\CarStateMapper.h">
      <Filter>头文件</Filter>
    </ClInclude>
    <ClInclude Include="domain\do\CarFee\ChargeRangeDO.h">
      <Filter>头文件</Filter>
    </ClInclude>
    <ClInclude Include="dao\CarFee\ChargeRangeDAO.h">
      <Filter>头文件</Filter>
    </ClInclude>
    <ClInclude Include="dao\CarFee\ChargeRangeMapper.h">
      <Filter>头文件</Filter>
    </ClInclude>
    <ClInclude Include="service\CarFee\ChargeRangeService.h">
      <Filter>头文件</Filter>
    </ClInclude>
    <ClInclude Include="domain\do\CarFee\ParkingAreaDO.h">
      <Filter>头文件</Filter>
    </ClInclude>
    <ClInclude Include="domain\do\CarFee\BuildingOwnerDO.h">
      <Filter>头文件</Filter>
    </ClInclude>
    <ClInclude Include="dao\CarFee\BuildingOwnerMapper.h">
      <Filter>头文件</Filter>
    </ClInclude>
    <ClInclude Include="dao\CarFee\ParkingAreaMapper.h">
      <Filter>头文件</Filter>
    </ClInclude>
    <ClInclude Include="domain\vo\feecancel\FeeCancelStateVO.h">
      <Filter>头文件</Filter>
    </ClInclude>
    <ClInclude Include="domain\vo\feecancel\FeeCancelVO.h">
      <Filter>头文件</Filter>
    </ClInclude>
    <ClInclude Include="domain\vo\feeformula\FeeFormulaVO.h">
      <Filter>头文件</Filter>
    </ClInclude>
    <ClInclude Include="domain\vo\feesum\FeeSumVO.h">
      <Filter>头文件</Filter>
    </ClInclude>
    <ClInclude Include="domain\do\feecancel\FeeCancelDO.h">
      <Filter>头文件</Filter>
    </ClInclude>
    <ClInclude Include="domain\do\feecancel\FeeCancelStateDO.h">
      <Filter>头文件</Filter>
    </ClInclude>
    <ClInclude Include="domain\do\feeformula\FeeFormulaDO.h">
      <Filter>头文件</Filter>
    </ClInclude>
    <ClInclude Include="domain\do\feesum\FeeSumDO.h">
      <Filter>头文件</Filter>
    </ClInclude>
    <ClInclude Include="domain\dto\feecancel\FeeCancelAuditDTO.h">
      <Filter>头文件</Filter>
    </ClInclude>
    <ClInclude Include="domain\dto\feecancel\FeeCancelDTO.h">
      <Filter>头文件</Filter>
    </ClInclude>
    <ClInclude Include="domain\dto\feeformula\FeeFormulaDTO.h">
      <Filter>头文件</Filter>
    </ClInclude>
    <ClInclude Include="domain\query\feecancel\FeeCancelQuery.h">
      <Filter>头文件</Filter>
    </ClInclude>
    <ClInclude Include="domain\query\feeformula\FeeFormulaQuery.h">
      <Filter>头文件</Filter>
    </ClInclude>
    <ClInclude Include="domain\query\feesum\FeeSumQuery.h">
      <Filter>头文件</Filter>
    </ClInclude>
    <ClInclude Include="dao\feecancel\FeeCancelDAO.h">
      <Filter>头文件</Filter>
    </ClInclude>
    <ClInclude Include="dao\feecancel\FeeCancelMapper.h">
      <Filter>头文件</Filter>
    </ClInclude>
    <ClInclude Include="dao\feecancel\FeeCancelStateDAO.h">
      <Filter>头文件</Filter>
    </ClInclude>
    <ClInclude Include="dao\feecancel\FeeCancelStateMapper.h">
      <Filter>头文件</Filter>
    </ClInclude>
    <ClInclude Include="dao\feeformula\FeeFormulaDAO.h">
      <Filter>头文件</Filter>
    </ClInclude>
    <ClInclude Include="dao\feeformula\FeeFormulaMapper.h">
      <Filter>头文件</Filter>
    </ClInclude>
    <ClInclude Include="dao\feesum\FeeSumDAO.h">
      <Filter>头文件</Filter>
    </ClInclude>
    <ClInclude Include="dao\feesum\FeeSumMapper.h">
      <Filter>头文件</Filter>
    </ClInclude>
    <ClInclude Include="api\feecancel\FeeCancelController.h">
      <Filter>头文件</Filter>
    </ClInclude>
    <ClInclude Include="api\feeformula\FeeFormulaController.h">
      <Filter>头文件</Filter>
    </ClInclude>
    <ClInclude Include="api\feesum\FeeSumController.h">
      <Filter>头文件</Filter>
    </ClInclude>
    <ClInclude Include="service\feecancel\FeeCancelService.h">
      <Filter>头文件</Filter>
    </ClInclude>
    <ClInclude Include="service\feeformula\FeeFormulaService.h">
      <Filter>头文件</Filter>
    </ClInclude>
    <ClInclude Include="service\feesum\FeeSumService.h">
      <Filter>头文件</Filter>
    </ClInclude>
    <ClInclude Include="domain\vo\setting\BillTypeVO.h">
      <Filter>头文件</Filter>
    </ClInclude>
    <ClInclude Include="domain\vo\setting\FeeFlagVO.h">
      <Filter>头文件</Filter>
    </ClInclude>
    <ClInclude Include="domain\vo\setting\FeeListVO.h">
      <Filter>头文件</Filter>
    </ClInclude>
    <ClInclude Include="domain\vo\setting\FeeTypeVO.h">
      <Filter>头文件</Filter>
    </ClInclude>
    <ClInclude Include="domain\vo\setting\IsDefaultVO.h">
      <Filter>头文件</Filter>
    </ClInclude>
    <ClInclude Include="domain\vo\setting\PaymentCdVO.h">
      <Filter>头文件</Filter>
    </ClInclude>
    <ClInclude Include="domain\vo\import\FeeImportListVO.h">
      <Filter>头文件</Filter>
    </ClInclude>
    <ClInclude Include="domain\vo\import\FloorNumVO.h">
      <Filter>头文件</Filter>
    </ClInclude>
    <ClInclude Include="domain\vo\import\ImportFeeDetailVO.h">
      <Filter>头文件</Filter>
    </ClInclude>
    <ClInclude Include="domain\vo\combo\ComboListVO.h">
      <Filter>头文件</Filter>
    </ClInclude>
    <ClInclude Include="domain\vo\combo\FeeComboMemberListVO.h">
      <Filter>头文件</Filter>
    </ClInclude>
    <ClInclude Include="domain\vo\combo\FeeNameVO.h">
      <Filter>头文件</Filter>
    </ClInclude>
    <ClInclude Include="domain\vo\combo\UserMenuVO.h">
      <Filter>头文件</Filter>
    </ClInclude>
    <ClInclude Include="domain\query\combo\ComboItemQuery.h">
      <Filter>头文件</Filter>
    </ClInclude>
    <ClInclude Include="domain\query\combo\FeeComboMemberListQuery.h">
      <Filter>头文件</Filter>
    </ClInclude>
    <ClInclude Include="domain\query\import\FeeImportDetailQuery.h">
      <Filter>头文件</Filter>
    </ClInclude>
    <ClInclude Include="domain\query\import\FeeImportQuery.h">
      <Filter>头文件</Filter>
    </ClInclude>
    <ClInclude Include="domain\query\setting\FeeItemQuery.h">
      <Filter>头文件</Filter>
    </ClInclude>
    <ClInclude Include="domain\dto\setting\DiscountDTO.h">
      <Filter>头文件</Filter>
    </ClInclude>
    <ClInclude Include="domain\dto\setting\FeeConfigDTO.h">
      <Filter>头文件</Filter>
    </ClInclude>
    <ClInclude Include="domain\dto\combo\ComboDTO.h">
      <Filter>头文件</Filter>
    </ClInclude>
    <ClInclude Include="domain\dto\combo\FeeItemDTO.h">
      <Filter>头文件</Filter>
    </ClInclude>
    <ClInclude Include="domain\vo\import\FeeFormulVO.h">
      <Filter>头文件</Filter>
    </ClInclude>
    <ClInclude Include="api\combo\ComboItemController.h">
      <Filter>头文件</Filter>
    </ClInclude>
    <ClInclude Include="api\import\FeeImportItemController.h">
      <Filter>头文件</Filter>
    </ClInclude>
    <ClInclude Include="api\setting\FeeItemController.h">
      <Filter>头文件</Filter>
    </ClInclude>
    <ClInclude Include="domain\query\DiscountRequest\DiscountRequestQuery.h">
      <Filter>头文件</Filter>
    </ClInclude>
    <ClInclude Include="domain\query\DiscountSetting\DiscountItemQuery.h">
      <Filter>头文件</Filter>
    </ClInclude>
    <ClInclude Include="domain\query\PreferentialType\PreferentialTypeQuery.h">
      <Filter>头文件</Filter>
    </ClInclude>
    <ClInclude Include="domain\vo\DiscountRequest\RequestListVO.h">
      <Filter>头文件</Filter>
    </ClInclude>
    <ClInclude Include="domain\vo\DiscountRequest\RequestStateVO.h">
      <Filter>头文件</Filter>
    </ClInclude>
    <ClInclude Include="domain\vo\DiscountRequest\RequestTypeVO.h">
      <Filter>头文件</Filter>
    </ClInclude>
    <ClInclude Include="domain\vo\DiscountSetting\DiscountListVO.h">
      <Filter>头文件</Filter>
    </ClInclude>
    <ClInclude Include="domain\vo\DiscountSetting\DiscountTypeVO.h">
      <Filter>头文件</Filter>
    </ClInclude>
    <ClInclude Include="domain\vo\PreferentialType\PreferentialTypeListVO.h">
      <Filter>头文件</Filter>
    </ClInclude>
    <ClInclude Include="api\DiscountSetting\DiscountSettingController.h">
      <Filter>头文件</Filter>
    </ClInclude>
    <ClInclude Include="api\PreferentialType\PreferentialTypeController.h">
      <Filter>头文件</Filter>
    </ClInclude>
    <ClInclude Include="api\DiscountRequest\DiscountRequestController.h">
      <Filter>头文件</Filter>
    </ClInclude>
  </ItemGroup>
  <ItemGroup>
    <None Include="public.pem" />
  </ItemGroup>
</Project>